
Microsoft Visual Studio Solution File, Format Version 12.00
# Visual Studio Version 16
VisualStudioVersion = 16.0.29911.84
MinimumVisualStudioVersion = 10.0.40219.1
Project("{FAE04EC0-301F-11D3-BF4B-00C04F79EFBC}") = "Eduquay.Web", "Eduquay.Web.csproj", "{B2E8B459-876E-46F6-B944-66D638DA1370}"
EndProject
Global
	GlobalSection(SolutionConfigurationPlatforms) = preSolution
		Debug|Any CPU = Debug|Any CPU
		Release|Any CPU = Release|Any CPU
	EndGlobalSection
	GlobalSection(ProjectConfigurationPlatforms) = postSolution
		{B2E8B459-876E-46F6-B944-66D638DA1370}.Debug|Any CPU.ActiveCfg = Debug|Any CPU
		{B2E8B459-876E-46F6-B944-66D638DA1370}.Debug|Any CPU.Build.0 = Debug|Any CPU
		{B2E8B459-876E-46F6-B944-66D638DA1370}.Release|Any CPU.ActiveCfg = Release|Any CPU
		{B2E8B459-876E-46F6-B944-66D638DA1370}.Release|Any CPU.Build.0 = Release|Any CPU
	EndGlobalSection
	GlobalSection(SolutionProperties) = preSolution
		HideSolutionNode = FALSE
	EndGlobalSection
	GlobalSection(ExtensibilityGlobals) = postSolution
		SolutionGuid = {8EA1FC0E-F461-4D57-B6C2-BE30911549A2}
	EndGlobalSection
EndGlobal
